// !$*UTF8*$!
{
	archiveVersion = 1;
	classes = {
	};
	objectVersion = 50;
	objects = {

/* Begin PBXBuildFile section */
		D938D13324B50B5F003FC164 /* AppDelegate.swift in Sources */ = {isa = PBXBuildFile; fileRef = D938D13224B50B5F003FC164 /* AppDelegate.swift */; };
		D938D13524B50B5F003FC164 /* SceneDelegate.swift in Sources */ = {isa = PBXBuildFile; fileRef = D938D13424B50B5F003FC164 /* SceneDelegate.swift */; };
		D938D13724B50B5F003FC164 /* ContentView.swift in Sources */ = {isa = PBXBuildFile; fileRef = D938D13624B50B5F003FC164 /* ContentView.swift */; };
		D938D13924B50B61003FC164 /* Assets.xcassets in Resources */ = {isa = PBXBuildFile; fileRef = D938D13824B50B61003FC164 /* Assets.xcassets */; };
		D938D13C24B50B61003FC164 /* Preview Assets.xcassets in Resources */ = {isa = PBXBuildFile; fileRef = D938D13B24B50B61003FC164 /* Preview Assets.xcassets */; };
		D938D13F24B50B61003FC164 /* LaunchScreen.storyboard in Resources */ = {isa = PBXBuildFile; fileRef = D938D13D24B50B61003FC164 /* LaunchScreen.storyboard */; };
		D938D14824B50D2D003FC164 /* NetworkManager.swift in Sources */ = {isa = PBXBuildFile; fileRef = D938D14724B50D2D003FC164 /* NetworkManager.swift */; };
		D938D14A24B50DFE003FC164 /* PostData.swift in Sources */ = {isa = PBXBuildFile; fileRef = D938D14924B50DFE003FC164 /* PostData.swift */; };
		D938D14D24B511D2003FC164 /* DetailView.swift in Sources */ = {isa = PBXBuildFile; fileRef = D938D14C24B511D2003FC164 /* DetailView.swift */; };
		D938D14F24B51556003FC164 /* WebView.swift in Sources */ = {isa = PBXBuildFile; fileRef = D938D14E24B51556003FC164 /* WebView.swift */; };
/* End PBXBuildFile section */

/* Begin PBXFileReference section */
		D938D12F24B50B5F003FC164 /* Hacker News.app */ = {isa = PBXFileReference; explicitFileType = wrapper.application; includeInIndex = 0; path = "Hacker News.app"; sourceTree = BUILT_PRODUCTS_DIR; };
		D938D13224B50B5F003FC164 /* AppDelegate.swift */ = {isa = PBXFileReference; lastKnownFileType = sourcecode.swift; path = AppDelegate.swift; sourceTree = "<group>"; };
		D938D13424B50B5F003FC164 /* SceneDelegate.swift */ = {isa = PBXFileReference; lastKnownFileType = sourcecode.swift; path = SceneDelegate.swift; sourceTree = "<group>"; };
		D938D13624B50B5F003FC164 /* ContentView.swift */ = {isa = PBXFileReference; lastKnownFileType = sourcecode.swift; path = ContentView.swift; sourceTree = "<group>"; };
		D938D13824B50B61003FC164 /* Assets.xcassets */ = {isa = PBXFileReference; lastKnownFileType = folder.assetcatalog; path = Assets.xcassets; sourceTree = "<group>"; };
		D938D13B24B50B61003FC164 /* Preview Assets.xcassets */ = {isa = PBXFileReference; lastKnownFileType = folder.assetcatalog; path = "Preview Assets.xcassets"; sourceTree = "<group>"; };
		D938D13E24B50B61003FC164 /* Base */ = {isa = PBXFileReference; lastKnownFileType = file.storyboard; name = Base; path = Base.lproj/LaunchScreen.storyboard; sourceTree = "<group>"; };
		D938D14024B50B61003FC164 /* Info.plist */ = {isa = PBXFileReference; lastKnownFileType = text.plist.xml; path = Info.plist; sourceTree = "<group>"; };
		D938D14724B50D2D003FC164 /* NetworkManager.swift */ = {isa = PBXFileReference; lastKnownFileType = sourcecode.swift; path = NetworkManager.swift; sourceTree = "<group>"; };
		D938D14924B50DFE003FC164 /* PostData.swift */ = {isa = PBXFileReference; lastKnownFileType = sourcecode.swift; path = PostData.swift; sourceTree = "<group>"; };
		D938D14C24B511D2003FC164 /* DetailView.swift */ = {isa = PBXFileReference; lastKnownFileType = sourcecode.swift; path = DetailView.swift; sourceTree = "<group>"; };
		D938D14E24B51556003FC164 /* WebView.swift */ = {isa = PBXFileReference; lastKnownFileType = sourcecode.swift; path = WebView.swift; sourceTree = "<group>"; };
		D9836ECC24B5178900F3D85E /* Hacker News.entitlements */ = {isa = PBXFileReference; lastKnownFileType = text.plist.entitlements; path = "Hacker News.entitlements"; sourceTree = "<group>"; };
/* End PBXFileReference section */

/* Begin PBXFrameworksBuildPhase section */
		D938D12C24B50B5F003FC164 /* Frameworks */ = {
			isa = PBXFrameworksBuildPhase;
			buildActionMask = 2147483647;
			files = (
			);
			runOnlyForDeploymentPostprocessing = 0;
		};
/* End PBXFrameworksBuildPhase section */

/* Begin PBXGroup section */
		D938D12624B50B5F003FC164 = {
			isa = PBXGroup;
			children = (
				D938D13124B50B5F003FC164 /* Hacker News */,
				D938D13024B50B5F003FC164 /* Products */,
			);
			sourceTree = "<group>";
		};
		D938D13024B50B5F003FC164 /* Products */ = {
			isa = PBXGroup;
			children = (
				D938D12F24B50B5F003FC164 /* Hacker News.app */,
			);
			name = Products;
			sourceTree = "<group>";
		};
		D938D13124B50B5F003FC164 /* Hacker News */ = {
			isa = PBXGroup;
			children = (
				D9836ECC24B5178900F3D85E /* Hacker News.entitlements */,
				D938D14624B50D1E003FC164 /* Models */,
				D938D13224B50B5F003FC164 /* AppDelegate.swift */,
				D938D13424B50B5F003FC164 /* SceneDelegate.swift */,
				D938D14B24B511BE003FC164 /* Views */,
				D938D13824B50B61003FC164 /* Assets.xcassets */,
				D938D13D24B50B61003FC164 /* LaunchScreen.storyboard */,
				D938D14024B50B61003FC164 /* Info.plist */,
				D938D13A24B50B61003FC164 /* Preview Content */,
			);
			path = "Hacker News";
			sourceTree = "<group>";
		};
		D938D13A24B50B61003FC164 /* Preview Content */ = {
			isa = PBXGroup;
			children = (
				D938D13B24B50B61003FC164 /* Preview Assets.xcassets */,
			);
			path = "Preview Content";
			sourceTree = "<group>";
		};
		D938D14624B50D1E003FC164 /* Models */ = {
			isa = PBXGroup;
			children = (
				D938D14724B50D2D003FC164 /* NetworkManager.swift */,
				D938D14924B50DFE003FC164 /* PostData.swift */,
			);
			path = Models;
			sourceTree = "<group>";
		};
		D938D14B24B511BE003FC164 /* Views */ = {
			isa = PBXGroup;
			children = (
				D938D13624B50B5F003FC164 /* ContentView.swift */,
				D938D14C24B511D2003FC164 /* DetailView.swift */,
				D938D14E24B51556003FC164 /* WebView.swift */,
			);
			path = Views;
			sourceTree = "<group>";
		};
/* End PBXGroup section */

/* Begin PBXNativeTarget section */
		D938D12E24B50B5F003FC164 /* Hacker News */ = {
			isa = PBXNativeTarget;
			buildConfigurationList = D938D14324B50B61003FC164 /* Build configuration list for PBXNativeTarget "Hacker News" */;
			buildPhases = (
				D938D12B24B50B5F003FC164 /* Sources */,
				D938D12C24B50B5F003FC164 /* Frameworks */,
				D938D12D24B50B5F003FC164 /* Resources */,
			);
			buildRules = (
			);
			dependencies = (
			);
			name = "Hacker News";
			productName = "Hacker News";
			productReference = D938D12F24B50B5F003FC164 /* Hacker News.app */;
			productType = "com.apple.product-type.application";
		};
/* End PBXNativeTarget section */

/* Begin PBXProject section */
		D938D12724B50B5F003FC164 /* Project object */ = {
			isa = PBXProject;
			attributes = {
				LastSwiftUpdateCheck = 1150;
				LastUpgradeCheck = 1150;
				ORGANIZATIONNAME = "Bailey Search";
				TargetAttributes = {
					D938D12E24B50B5F003FC164 = {
						CreatedOnToolsVersion = 11.5;
					};
				};
			};
			buildConfigurationList = D938D12A24B50B5F003FC164 /* Build configuration list for PBXProject "Hacker News" */;
			compatibilityVersion = "Xcode 9.3";
			developmentRegion = en;
			hasScannedForEncodings = 0;
			knownRegions = (
				en,
				Base,
			);
			mainGroup = D938D12624B50B5F003FC164;
			productRefGroup = D938D13024B50B5F003FC164 /* Products */;
			projectDirPath = "";
			projectRoot = "";
			targets = (
				D938D12E24B50B5F003FC164 /* Hacker News */,
			);
		};
/* End PBXProject section */

/* Begin PBXResourcesBuildPhase section */
		D938D12D24B50B5F003FC164 /* Resources */ = {
			isa = PBXResourcesBuildPhase;
			buildActionMask = 2147483647;
			files = (
				D938D13F24B50B61003FC164 /* LaunchScreen.storyboard in Resources */,
				D938D13C24B50B61003FC164 /* Preview Assets.xcassets in Resources */,
				D938D13924B50B61003FC164 /* Assets.xcassets in Resources */,
			);
			runOnlyForDeploymentPostprocessing = 0;
		};
/* End PBXResourcesBuildPhase section */

/* Begin PBXSourcesBuildPhase section */
		D938D12B24B50B5F003FC164 /* Sources */ = {
			isa = PBXSourcesBuildPhase;
			buildActionMask = 2147483647;
			files = (
				D938D14A24B50DFE003FC164 /* PostData.swift in Sources */,
				D938D14D24B511D2003FC164 /* DetailView.swift in Sources */,
				D938D14824B50D2D003FC164 /* NetworkManager.swift in Sources */,
				D938D13324B50B5F003FC164 /* AppDelegate.swift in Sources */,
				D938D13524B50B5F003FC164 /* SceneDelegate.swift in Sources */,
				D938D13724B50B5F003FC164 /* ContentView.swift in Sources */,
				D938D14F24B51556003FC164 /* WebView.swift in Sources */,
			);
			runOnlyForDeploymentPostprocessing = 0;
		};
/* End PBXSourcesBuildPhase section */

/* Begin PBXVariantGroup section */
		D938D13D24B50B61003FC164 /* LaunchScreen.storyboard */ = {
			isa = PBXVariantGroup;
			children = (
				D938D13E24B50B61003FC164 /* Base */,
			);
			name = LaunchScreen.storyboard;
			sourceTree = "<group>";
		};
/* End PBXVariantGroup section */

/* Begin XCBuildConfiguration section */
		D938D14124B50B61003FC164 /* Debug */ = {
			isa = XCBuildConfiguration;
			buildSettings = {
				ALWAYS_SEARCH_USER_PATHS = NO;
				CLANG_ANALYZER_NONNULL = YES;
				CLANG_ANALYZER_NUMBER_OBJECT_CONVERSION = YES_AGGRESSIVE;
				CLANG_CXX_LANGUAGE_STANDARD = "gnu++14";
				CLANG_CXX_LIBRARY = "libc++";
				CLANG_ENABLE_MODULES = YES;
				CLANG_ENABLE_OBJC_ARC = YES;
				CLANG_ENABLE_OBJC_WEAK = YES;
				CLANG_WARN_BLOCK_CAPTURE_AUTORELEASING = YES;
				CLANG_WARN_BOOL_CONVERSION = YES;
				CLANG_WARN_COMMA = YES;
				CLANG_WARN_CONSTANT_CONVERSION = YES;
				CLANG_WARN_DEPRECATED_OBJC_IMPLEMENTATIONS = YES;
				CLANG_WARN_DIRECT_OBJC_ISA_USAGE = YES_ERROR;
				CLANG_WARN_DOCUMENTATION_COMMENTS = YES;
				CLANG_WARN_EMPTY_BODY = YES;
				CLANG_WARN_ENUM_CONVERSION = YES;
				CLANG_WARN_INFINITE_RECURSION = YES;
				CLANG_WARN_INT_CONVERSION = YES;
				CLANG_WARN_NON_LITERAL_NULL_CONVERSION = YES;
				CLANG_WARN_OBJC_IMPLICIT_RETAIN_SELF = YES;
				CLANG_WARN_OBJC_LITERAL_CONVERSION = YES;
				CLANG_WARN_OBJC_ROOT_CLASS = YES_ERROR;
				CLANG_WARN_RANGE_LOOP_ANALYSIS = YES;
				CLANG_WARN_STRICT_PROTOTYPES = YES;
				CLANG_WARN_SUSPICIOUS_MOVE = YES;
				CLANG_WARN_UNGUARDED_AVAILABILITY = YES_AGGRESSIVE;
				CLANG_WARN_UNREACHABLE_CODE = YES;
				CLANG_WARN__DUPLICATE_METHOD_MATCH = YES;
				COPY_PHASE_STRIP = NO;
				DEBUG_INFORMATION_FORMAT = dwarf;
				ENABLE_STRICT_OBJC_MSGSEND = YES;
				ENABLE_TESTABILITY = YES;
				GCC_C_LANGUAGE_STANDARD = gnu11;
				GCC_DYNAMIC_NO_PIC = NO;
				GCC_NO_COMMON_BLOCKS = YES;
				GCC_OPTIMIZATION_LEVEL = 0;
				GCC_PREPROCESSOR_DEFINITIONS = (
					"DEBUG=1",
					"$(inherited)",
				);
				GCC_WARN_64_TO_32_BIT_CONVERSION = YES;
				GCC_WARN_ABOUT_RETURN_TYPE = YES_ERROR;
				GCC_WARN_UNDECLARED_SELECTOR = YES;
				GCC_WARN_UNINITIALIZED_AUTOS = YES_AGGRESSIVE;
				GCC_WARN_UNUSED_FUNCTION = YES;
				GCC_WARN_UNUSED_VARIABLE = YES;
				IPHONEOS_DEPLOYMENT_TARGET = 13.5;
				MTL_ENABLE_DEBUG_INFO = INCLUDE_SOURCE;
				MTL_FAST_MATH = YES;
				ONLY_ACTIVE_ARCH = YES;
				SDKROOT = iphoneos;
				SWIFT_ACTIVE_COMPILATION_CONDITIONS = DEBUG;
				SWIFT_OPTIMIZATION_LEVEL = "-Onone";
			};
			name = Debug;
		};
		D938D14224B50B61003FC164 /* Release */ = {
			isa = XCBuildConfiguration;
			buildSettings = {
				ALWAYS_SEARCH_USER_PATHS = NO;
				CLANG_ANALYZER_NONNULL = YES;
				CLANG_ANALYZER_NUMBER_OBJECT_CONVERSION = YES_AGGRESSIVE;
				CLANG_CXX_LANGUAGE_STANDARD = "gnu++14";
				CLANG_CXX_LIBRARY = "libc++";
				CLANG_ENABLE_MODULES = YES;
				CLANG_ENABLE_OBJC_ARC = YES;
				CLANG_ENABLE_OBJC_WEAK = YES;
				CLANG_WARN_BLOCK_CAPTURE_AUTORELEASING = YES;
				CLANG_WARN_BOOL_CONVERSION = YES;
				CLANG_WARN_COMMA = YES;
				CLANG_WARN_CONSTANT_CONVERSION = YES;
				CLANG_WARN_DEPRECATED_OBJC_IMPLEMENTATIONS = YES;
				CLANG_WARN_DIRECT_OBJC_ISA_USAGE = YES_ERROR;
				CLANG_WARN_DOCUMENTATION_COMMENTS = YES;
				CLANG_WARN_EMPTY_BODY = YES;
				CLANG_WARN_ENUM_CONVERSION = YES;
				CLANG_WARN_INFINITE_RECURSION = YES;
				CLANG_WARN_INT_CONVERSION = YES;
				CLANG_WARN_NON_LITERAL_NULL_CONVERSION = YES;
				CLANG_WARN_OBJC_IMPLICIT_RETAIN_SELF = YES;
				CLANG_WARN_OBJC_LITERAL_CONVERSION = YES;
				CLANG_WARN_OBJC_ROOT_CLASS = YES_ERROR;
				CLANG_WARN_RANGE_LOOP_ANALYSIS = YES;
				CLANG_WARN_STRICT_PROTOTYPES = YES;
				CLANG_WARN_SUSPICIOUS_MOVE = YES;
				CLANG_WARN_UNGUARDED_AVAILABILITY = YES_AGGRESSIVE;
				CLANG_WARN_UNREACHABLE_CODE = YES;
				CLANG_WARN__DUPLICATE_METHOD_MATCH = YES;
				COPY_PHASE_STRIP = NO;
				DEBUG_INFORMATION_FORMAT = "dwarf-with-dsym";
				ENABLE_NS_ASSERTIONS = NO;
				ENABLE_STRICT_OBJC_MSGSEND = YES;
				GCC_C_LANGUAGE_STANDARD = gnu11;
				GCC_NO_COMMON_BLOCKS = YES;
				GCC_WARN_64_TO_32_BIT_CONVERSION = YES;
				GCC_WARN_ABOUT_RETURN_TYPE = YES_ERROR;
				GCC_WARN_UNDECLARED_SELECTOR = YES;
				GCC_WARN_UNINITIALIZED_AUTOS = YES_AGGRESSIVE;
				GCC_WARN_UNUSED_FUNCTION = YES;
				GCC_WARN_UNUSED_VARIABLE = YES;
				IPHONEOS_DEPLOYMENT_TARGET = 13.5;
				MTL_ENABLE_DEBUG_INFO = NO;
				MTL_FAST_MATH = YES;
				SDKROOT = iphoneos;
				SWIFT_COMPILATION_MODE = wholemodule;
				SWIFT_OPTIMIZATION_LEVEL = "-O";
				VALIDATE_PRODUCT = YES;
			};
			name = Release;
		};
		D938D14424B50B61003FC164 /* Debug */ = {
			isa = XCBuildConfiguration;
			buildSettings = {
				ASSETCATALOG_COMPILER_APPICON_NAME = AppIcon;
				CODE_SIGN_ENTITLEMENTS = "Hacker News/Hacker News.entitlements";
				CODE_SIGN_STYLE = Automatic;
				DEVELOPMENT_ASSET_PATHS = "\"Hacker News/Preview Content\"";
				DEVELOPMENT_TEAM = 934323UZXY;
				ENABLE_PREVIEWS = YES;
				INFOPLIST_FILE = "Hacker News/Info.plist";
				LD_RUNPATH_SEARCH_PATHS = (
					"$(inherited)",
					"@executable_path/Frameworks",
				);
				PRODUCT_BUNDLE_IDENTIFIER = "io.baileysearch.Hacker-News";
				PRODUCT_NAME = "$(TARGET_NAME)";
				SUPPORTS_MACCATALYST = YES;
				SWIFT_VERSION = 5.0;
				TARGETED_DEVICE_FAMILY = "1,2";
			};
			name = Debug;
		};
		D938D14524B50B61003FC164 /* Release */ = {
			isa = XCBuildConfiguration;
			buildSettings = {
				ASSETCATALOG_COMPILER_APPICON_NAME = AppIcon;
				CODE_SIGN_ENTITLEMENTS = "Hacker News/Hacker News.entitlements";
				CODE_SIGN_STYLE = Automatic;
				DEVELOPMENT_ASSET_PATHS = "\"Hacker News/Preview Content\"";
				DEVELOPMENT_TEAM = 934323UZXY;
				ENABLE_PREVIEWS = YES;
				INFOPLIST_FILE = "Hacker News/Info.plist";
				LD_RUNPATH_SEARCH_PATHS = (
					"$(inherited)",
					"@executable_path/Frameworks",
				);
				PRODUCT_BUNDLE_IDENTIFIER = "io.baileysearch.Hacker-News";
				PRODUCT_NAME = "$(TARGET_NAME)";
				SUPPORTS_MACCATALYST = YES;
				SWIFT_VERSION = 5.0;
				TARGETED_DEVICE_FAMILY = "1,2";
			};
			name = Release;
		};
/* End XCBuildConfiguration section */

/* Begin XCConfigurationList section */
		D938D12A24B50B5F003FC164 /* Build configuration list for PBXProject "Hacker News" */ = {
			isa = XCConfigurationList;
			buildConfigurations = (
				D938D14124B50B61003FC164 /* Debug */,
				D938D14224B50B61003FC164 /* Release */,
			);
			defaultConfigurationIsVisible = 0;
			defaultConfigurationName = Release;
		};
		D938D14324B50B61003FC164 /* Build configuration list for PBXNativeTarget "Hacker News" */ = {
			isa = XCConfigurationList;
			buildConfigurations = (
				D938D14424B50B61003FC164 /* Debug */,
				D938D14524B50B61003FC164 /* Release */,
			);
			defaultConfigurationIsVisible = 0;
			defaultConfigurationName = Release;
		};
/* End XCConfigurationList section */
	};
	rootObject = D938D12724B50B5F003FC164 /* Project object */;
}
